// !$*UTF8*$!
{
	archiveVersion = 1;
	classes = {
	};
	objectVersion = 56;
	objects = {

/* Begin PBXBuildFile section */
		334B59502C19217E00D2099A /* GeminiAIChatbotApp.swift in Sources */ = {isa = PBXBuildFile; fileRef = 334B594F2C19217E00D2099A /* GeminiAIChatbotApp.swift */; };
		334B59522C19217E00D2099A /* ContentView.swift in Sources */ = {isa = PBXBuildFile; fileRef = 334B59512C19217E00D2099A /* ContentView.swift */; };
		334B59542C19218000D2099A /* Assets.xcassets in Resources */ = {isa = PBXBuildFile; fileRef = 334B59532C19218000D2099A /* Assets.xcassets */; };
		334B59572C19218000D2099A /* Preview Assets.xcassets in Resources */ = {isa = PBXBuildFile; fileRef = 334B59562C19218000D2099A /* Preview Assets.xcassets */; };
		334B59612C19218000D2099A /* GeminiAIChatbotTests.swift in Sources */ = {isa = PBXBuildFile; fileRef = 334B59602C19218000D2099A /* GeminiAIChatbotTests.swift */; };
		334B596B2C19218000D2099A /* GeminiAIChatbotUITests.swift in Sources */ = {isa = PBXBuildFile; fileRef = 334B596A2C19218000D2099A /* GeminiAIChatbotUITests.swift */; };
		334B596D2C19218000D2099A /* GeminiAIChatbotUITestsLaunchTests.swift in Sources */ = {isa = PBXBuildFile; fileRef = 334B596C2C19218000D2099A /* GeminiAIChatbotUITestsLaunchTests.swift */; };
/* End PBXBuildFile section */

/* Begin PBXContainerItemProxy section */
		334B595D2C19218000D2099A /* PBXContainerItemProxy */ = {
			isa = PBXContainerItemProxy;
			containerPortal = 334B59442C19217E00D2099A /* Project object */;
			proxyType = 1;
			remoteGlobalIDString = 334B594B2C19217E00D2099A;
			remoteInfo = GeminiAIChatbot;
		};
		334B59672C19218000D2099A /* PBXContainerItemProxy */ = {
			isa = PBXContainerItemProxy;
			containerPortal = 334B59442C19217E00D2099A /* Project object */;
			proxyType = 1;
			remoteGlobalIDString = 334B594B2C19217E00D2099A;
			remoteInfo = GeminiAIChatbot;
		};
/* End PBXContainerItemProxy section */

/* Begin PBXFileReference section */
		334B594C2C19217E00D2099A /* GeminiAIChatbot.app */ = {isa = PBXFileReference; explicitFileType = wrapper.application; includeInIndex = 0; path = GeminiAIChatbot.app; sourceTree = BUILT_PRODUCTS_DIR; };
		334B594F2C19217E00D2099A /* GeminiAIChatbotApp.swift */ = {isa = PBXFileReference; lastKnownFileType = sourcecode.swift; path = GeminiAIChatbotApp.swift; sourceTree = "<group>"; };
		334B59512C19217E00D2099A /* ContentView.swift */ = {isa = PBXFileReference; lastKnownFileType = sourcecode.swift; path = ContentView.swift; sourceTree = "<group>"; };
		334B59532C19218000D2099A /* Assets.xcassets */ = {isa = PBXFileReference; lastKnownFileType = folder.assetcatalog; path = Assets.xcassets; sourceTree = "<group>"; };
		334B59562C19218000D2099A /* Preview Assets.xcassets */ = {isa = PBXFileReference; lastKnownFileType = folder.assetcatalog; path = "Preview Assets.xcassets"; sourceTree = "<group>"; };
		334B595C2C19218000D2099A /* GeminiAIChatbotTests.xctest */ = {isa = PBXFileReference; explicitFileType = wrapper.cfbundle; includeInIndex = 0; path = GeminiAIChatbotTests.xctest; sourceTree = BUILT_PRODUCTS_DIR; };
		334B59602C19218000D2099A /* GeminiAIChatbotTests.swift */ = {isa = PBXFileReference; lastKnownFileType = sourcecode.swift; path = GeminiAIChatbotTests.swift; sourceTree = "<group>"; };
		334B59662C19218000D2099A /* GeminiAIChatbotUITests.xctest */ = {isa = PBXFileReference; explicitFileType = wrapper.cfbundle; includeInIndex = 0; path = GeminiAIChatbotUITests.xctest; sourceTree = BUILT_PRODUCTS_DIR; };
		334B596A2C19218000D2099A /* GeminiAIChatbotUITests.swift */ = {isa = PBXFileReference; lastKnownFileType = sourcecode.swift; path = GeminiAIChatbotUITests.swift; sourceTree = "<group>"; };
		334B596C2C19218000D2099A /* GeminiAIChatbotUITestsLaunchTests.swift */ = {isa = PBXFileReference; lastKnownFileType = sourcecode.swift; path = GeminiAIChatbotUITestsLaunchTests.swift; sourceTree = "<group>"; };
/* End PBXFileReference section */

/* Begin PBXFrameworksBuildPhase section */
		334B59492C19217E00D2099A /* Frameworks */ = {
			isa = PBXFrameworksBuildPhase;
			buildActionMask = 2147483647;
			files = (
			);
			runOnlyForDeploymentPostprocessing = 0;
		};
		334B59592C19218000D2099A /* Frameworks */ = {
			isa = PBXFrameworksBuildPhase;
			buildActionMask = 2147483647;
			files = (
			);
			runOnlyForDeploymentPostprocessing = 0;
		};
		334B59632C19218000D2099A /* Frameworks */ = {
			isa = PBXFrameworksBuildPhase;
			buildActionMask = 2147483647;
			files = (
			);
			runOnlyForDeploymentPostprocessing = 0;
		};
/* End PBXFrameworksBuildPhase section */

/* Begin PBXGroup section */
		334B59432C19217E00D2099A = {
			isa = PBXGroup;
			children = (
				334B594E2C19217E00D2099A /* GeminiAIChatbot */,
				334B595F2C19218000D2099A /* GeminiAIChatbotTests */,
				334B59692C19218000D2099A /* GeminiAIChatbotUITests */,
				334B594D2C19217E00D2099A /* Products */,
			);
			sourceTree = "<group>";
		};
		334B594D2C19217E00D2099A /* Products */ = {
			isa = PBXGroup;
			children = (
				334B594C2C19217E00D2099A /* GeminiAIChatbot.app */,
				334B595C2C19218000D2099A /* GeminiAIChatbotTests.xctest */,
				334B59662C19218000D2099A /* GeminiAIChatbotUITests.xctest */,
			);
			name = Products;
			sourceTree = "<group>";
		};
		334B594E2C19217E00D2099A /* GeminiAIChatbot */ = {
			isa = PBXGroup;
			children = (
				334B594F2C19217E00D2099A /* GeminiAIChatbotApp.swift */,
				334B59512C19217E00D2099A /* ContentView.swift */,
				334B59532C19218000D2099A /* Assets.xcassets */,
				334B59552C19218000D2099A /* Preview Content */,
			);
			path = GeminiAIChatbot;
			sourceTree = "<group>";
		};
		334B59552C19218000D2099A /* Preview Content */ = {
			isa = PBXGroup;
			children = (
				334B59562C19218000D2099A /* Preview Assets.xcassets */,
			);
			path = "Preview Content";
			sourceTree = "<group>";
		};
		334B595F2C19218000D2099A /* GeminiAIChatbotTests */ = {
			isa = PBXGroup;
			children = (
				334B59602C19218000D2099A /* GeminiAIChatbotTests.swift */,
			);
			path = GeminiAIChatbotTests;
			sourceTree = "<group>";
		};
		334B59692C19218000D2099A /* GeminiAIChatbotUITests */ = {
			isa = PBXGroup;
			children = (
				334B596A2C19218000D2099A /* GeminiAIChatbotUITests.swift */,
				334B596C2C19218000D2099A /* GeminiAIChatbotUITestsLaunchTests.swift */,
			);
			path = GeminiAIChatbotUITests;
			sourceTree = "<group>";
		};
/* End PBXGroup section */

/* Begin PBXNativeTarget section */
		334B594B2C19217E00D2099A /* GeminiAIChatbot */ = {
			isa = PBXNativeTarget;
			buildConfigurationList = 334B59702C19218000D2099A /* Build configuration list for PBXNativeTarget "GeminiAIChatbot" */;
			buildPhases = (
				334B59482C19217E00D2099A /* Sources */,
				334B59492C19217E00D2099A /* Frameworks */,
				334B594A2C19217E00D2099A /* Resources */,
			);
			buildRules = (
			);
			dependencies = (
			);
			name = GeminiAIChatbot;
			productName = GeminiAIChatbot;
			productReference = 334B594C2C19217E00D2099A /* GeminiAIChatbot.app */;
			productType = "com.apple.product-type.application";
		};
		334B595B2C19218000D2099A /* GeminiAIChatbotTests */ = {
			isa = PBXNativeTarget;
			buildConfigurationList = 334B59732C19218000D2099A /* Build configuration list for PBXNativeTarget "GeminiAIChatbotTests" */;
			buildPhases = (
				334B59582C19218000D2099A /* Sources */,
				334B59592C19218000D2099A /* Frameworks */,
				334B595A2C19218000D2099A /* Resources */,
			);
			buildRules = (
			);
			dependencies = (
				334B595E2C19218000D2099A /* PBXTargetDependency */,
			);
			name = GeminiAIChatbotTests;
			productName = GeminiAIChatbotTests;
			productReference = 334B595C2C19218000D2099A /* GeminiAIChatbotTests.xctest */;
			productType = "com.apple.product-type.bundle.unit-test";
		};
		334B59652C19218000D2099A /* GeminiAIChatbotUITests */ = {
			isa = PBXNativeTarget;
			buildConfigurationList = 334B59762C19218000D2099A /* Build configuration list for PBXNativeTarget "GeminiAIChatbotUITests" */;
			buildPhases = (
				334B59622C19218000D2099A /* Sources */,
				334B59632C19218000D2099A /* Frameworks */,
				334B59642C19218000D2099A /* Resources */,
			);
			buildRules = (
			);
			dependencies = (
				334B59682C19218000D2099A /* PBXTargetDependency */,
			);
			name = GeminiAIChatbotUITests;
			productName = GeminiAIChatbotUITests;
			productReference = 334B59662C19218000D2099A /* GeminiAIChatbotUITests.xctest */;
			productType = "com.apple.product-type.bundle.ui-testing";
		};
/* End PBXNativeTarget section */

/* Begin PBXProject section */
		334B59442C19217E00D2099A /* Project object */ = {
			isa = PBXProject;
			attributes = {
				BuildIndependentTargetsInParallel = 1;
				LastSwiftUpdateCheck = 1510;
				LastUpgradeCheck = 1510;
				TargetAttributes = {
					334B594B2C19217E00D2099A = {
						CreatedOnToolsVersion = 15.1;
					};
					334B595B2C19218000D2099A = {
						CreatedOnToolsVersion = 15.1;
						TestTargetID = 334B594B2C19217E00D2099A;
					};
					334B59652C19218000D2099A = {
						CreatedOnToolsVersion = 15.1;
						TestTargetID = 334B594B2C19217E00D2099A;
					};
				};
			};
			buildConfigurationList = 334B59472C19217E00D2099A /* Build configuration list for PBXProject "GeminiAIChatbot" */;
			compatibilityVersion = "Xcode 14.0";
			developmentRegion = en;
			hasScannedForEncodings = 0;
			knownRegions = (
				en,
				Base,
			);
			mainGroup = 334B59432C19217E00D2099A;
			productRefGroup = 334B594D2C19217E00D2099A /* Products */;
			projectDirPath = "";
			projectRoot = "";
			targets = (
				334B594B2C19217E00D2099A /* GeminiAIChatbot */,
				334B595B2C19218000D2099A /* GeminiAIChatbotTests */,
				334B59652C19218000D2099A /* GeminiAIChatbotUITests */,
			);
		};
/* End PBXProject section */

/* Begin PBXResourcesBuildPhase section */
		334B594A2C19217E00D2099A /* Resources */ = {
			isa = PBXResourcesBuildPhase;
			buildActionMask = 2147483647;
			files = (
				334B59572C19218000D2099A /* Preview Assets.xcassets in Resources */,
				334B59542C19218000D2099A /* Assets.xcassets in Resources */,
			);
			runOnlyForDeploymentPostprocessing = 0;
		};
		334B595A2C19218000D2099A /* Resources */ = {
			isa = PBXResourcesBuildPhase;
			buildActionMask = 2147483647;
			files = (
			);
			runOnlyForDeploymentPostprocessing = 0;
		};
		334B59642C19218000D2099A /* Resources */ = {
			isa = PBXResourcesBuildPhase;
			buildActionMask = 2147483647;
			files = (
			);
			runOnlyForDeploymentPostprocessing = 0;
		};
/* End PBXResourcesBuildPhase section */

/* Begin PBXSourcesBuildPhase section */
		334B59482C19217E00D2099A /* Sources */ = {
			isa = PBXSourcesBuildPhase;
			buildActionMask = 2147483647;
			files = (
				334B59522C19217E00D2099A /* ContentView.swift in Sources */,
				334B59502C19217E00D2099A /* GeminiAIChatbotApp.swift in Sources */,
			);
			runOnlyForDeploymentPostprocessing = 0;
		};
		334B59582C19218000D2099A /* Sources */ = {
			isa = PBXSourcesBuildPhase;
			buildActionMask = 2147483647;
			files = (
				334B59612C19218000D2099A /* GeminiAIChatbotTests.swift in Sources */,
			);
			runOnlyForDeploymentPostprocessing = 0;
		};
		334B59622C19218000D2099A /* Sources */ = {
			isa = PBXSourcesBuildPhase;
			buildActionMask = 2147483647;
			files = (
				334B596B2C19218000D2099A /* GeminiAIChatbotUITests.swift in Sources */,
				334B596D2C19218000D2099A /* GeminiAIChatbotUITestsLaunchTests.swift in Sources */,
			);
			runOnlyForDeploymentPostprocessing = 0;
		};
/* End PBXSourcesBuildPhase section */

/* Begin PBXTargetDependency section */
		334B595E2C19218000D2099A /* PBXTargetDependency */ = {
			isa = PBXTargetDependency;
			target = 334B594B2C19217E00D2099A /* GeminiAIChatbot */;
			targetProxy = 334B595D2C19218000D2099A /* PBXContainerItemProxy */;
		};
		334B59682C19218000D2099A /* PBXTargetDependency */ = {
			isa = PBXTargetDependency;
			target = 334B594B2C19217E00D2099A /* GeminiAIChatbot */;
			targetProxy = 334B59672C19218000D2099A /* PBXContainerItemProxy */;
		};
/* End PBXTargetDependency section */

/* Begin XCBuildConfiguration section */
		334B596E2C19218000D2099A /* Debug */ = {
			isa = XCBuildConfiguration;
			buildSettings = {
				ALWAYS_SEARCH_USER_PATHS = NO;
				ASSETCATALOG_COMPILER_GENERATE_SWIFT_ASSET_SYMBOL_EXTENSIONS = YES;
				CLANG_ANALYZER_NONNULL = YES;
				CLANG_ANALYZER_NUMBER_OBJECT_CONVERSION = YES_AGGRESSIVE;
				CLANG_CXX_LANGUAGE_STANDARD = "gnu++20";
				CLANG_ENABLE_MODULES = YES;
				CLANG_ENABLE_OBJC_ARC = YES;
				CLANG_ENABLE_OBJC_WEAK = YES;
				CLANG_WARN_BLOCK_CAPTURE_AUTORELEASING = YES;
				CLANG_WARN_BOOL_CONVERSION = YES;
				CLANG_WARN_COMMA = YES;
				CLANG_WARN_CONSTANT_CONVERSION = YES;
				CLANG_WARN_DEPRECATED_OBJC_IMPLEMENTATIONS = YES;
				CLANG_WARN_DIRECT_OBJC_ISA_USAGE = YES_ERROR;
				CLANG_WARN_DOCUMENTATION_COMMENTS = YES;
				CLANG_WARN_EMPTY_BODY = YES;
				CLANG_WARN_ENUM_CONVERSION = YES;
				CLANG_WARN_INFINITE_RECURSION = YES;
				CLANG_WARN_INT_CONVERSION = YES;
				CLANG_WARN_NON_LITERAL_NULL_CONVERSION = YES;
				CLANG_WARN_OBJC_IMPLICIT_RETAIN_SELF = YES;
				CLANG_WARN_OBJC_LITERAL_CONVERSION = YES;
				CLANG_WARN_OBJC_ROOT_CLASS = YES_ERROR;
				CLANG_WARN_QUOTED_INCLUDE_IN_FRAMEWORK_HEADER = YES;
				CLANG_WARN_RANGE_LOOP_ANALYSIS = YES;
				CLANG_WARN_STRICT_PROTOTYPES = YES;
				CLANG_WARN_SUSPICIOUS_MOVE = YES;
				CLANG_WARN_UNGUARDED_AVAILABILITY = YES_AGGRESSIVE;
				CLANG_WARN_UNREACHABLE_CODE = YES;
				CLANG_WARN__DUPLICATE_METHOD_MATCH = YES;
				COPY_PHASE_STRIP = NO;
				DEBUG_INFORMATION_FORMAT = dwarf;
				ENABLE_STRICT_OBJC_MSGSEND = YES;
				ENABLE_TESTABILITY = YES;
				ENABLE_USER_SCRIPT_SANDBOXING = YES;
				GCC_C_LANGUAGE_STANDARD = gnu17;
				GCC_DYNAMIC_NO_PIC = NO;
				GCC_NO_COMMON_BLOCKS = YES;
				GCC_OPTIMIZATION_LEVEL = 0;
				GCC_PREPROCESSOR_DEFINITIONS = (
					"DEBUG=1",
					"$(inherited)",
				);
				GCC_WARN_64_TO_32_BIT_CONVERSION = YES;
				GCC_WARN_ABOUT_RETURN_TYPE = YES_ERROR;
				GCC_WARN_UNDECLARED_SELECTOR = YES;
				GCC_WARN_UNINITIALIZED_AUTOS = YES_AGGRESSIVE;
				GCC_WARN_UNUSED_FUNCTION = YES;
				GCC_WARN_UNUSED_VARIABLE = YES;
				IPHONEOS_DEPLOYMENT_TARGET = 17.2;
				LOCALIZATION_PREFERS_STRING_CATALOGS = YES;
				MTL_ENABLE_DEBUG_INFO = INCLUDE_SOURCE;
				MTL_FAST_MATH = YES;
				ONLY_ACTIVE_ARCH = YES;
				SDKROOT = iphoneos;
				SWIFT_ACTIVE_COMPILATION_CONDITIONS = "DEBUG $(inherited)";
				SWIFT_OPTIMIZATION_LEVEL = "-Onone";
			};
			name = Debug;
		};
		334B596F2C19218000D2099A /* Release */ = {
			isa = XCBuildConfiguration;
			buildSettings = {
				ALWAYS_SEARCH_USER_PATHS = NO;
				ASSETCATALOG_COMPILER_GENERATE_SWIFT_ASSET_SYMBOL_EXTENSIONS = YES;
				CLANG_ANALYZER_NONNULL = YES;
				CLANG_ANALYZER_NUMBER_OBJECT_CONVERSION = YES_AGGRESSIVE;
				CLANG_CXX_LANGUAGE_STANDARD = "gnu++20";
				CLANG_ENABLE_MODULES = YES;
				CLANG_ENABLE_OBJC_ARC = YES;
				CLANG_ENABLE_OBJC_WEAK = YES;
				CLANG_WARN_BLOCK_CAPTURE_AUTORELEASING = YES;
				CLANG_WARN_BOOL_CONVERSION = YES;
				CLANG_WARN_COMMA = YES;
				CLANG_WARN_CONSTANT_CONVERSION = YES;
				CLANG_WARN_DEPRECATED_OBJC_IMPLEMENTATIONS = YES;
				CLANG_WARN_DIRECT_OBJC_ISA_USAGE = YES_ERROR;
				CLANG_WARN_DOCUMENTATION_COMMENTS = YES;
				CLANG_WARN_EMPTY_BODY = YES;
				CLANG_WARN_ENUM_CONVERSION = YES;
				CLANG_WARN_INFINITE_RECURSION = YES;
				CLANG_WARN_INT_CONVERSION = YES;
				CLANG_WARN_NON_LITERAL_NULL_CONVERSION = YES;
				CLANG_WARN_OBJC_IMPLICIT_RETAIN_SELF = YES;
				CLANG_WARN_OBJC_LITERAL_CONVERSION = YES;
				CLANG_WARN_OBJC_ROOT_CLASS = YES_ERROR;
				CLANG_WARN_QUOTED_INCLUDE_IN_FRAMEWORK_HEADER = YES;
				CLANG_WARN_RANGE_LOOP_ANALYSIS = YES;
				CLANG_WARN_STRICT_PROTOTYPES = YES;
				CLANG_WARN_SUSPICIOUS_MOVE = YES;
				CLANG_WARN_UNGUARDED_AVAILABILITY = YES_AGGRESSIVE;
				CLANG_WARN_UNREACHABLE_CODE = YES;
				CLANG_WARN__DUPLICATE_METHOD_MATCH = YES;
				COPY_PHASE_STRIP = NO;
				DEBUG_INFORMATION_FORMAT = "dwarf-with-dsym";
				ENABLE_NS_ASSERTIONS = NO;
				ENABLE_STRICT_OBJC_MSGSEND = YES;
				ENABLE_USER_SCRIPT_SANDBOXING = YES;
				GCC_C_LANGUAGE_STANDARD = gnu17;
				GCC_NO_COMMON_BLOCKS = YES;
				GCC_WARN_64_TO_32_BIT_CONVERSION = YES;
				GCC_WARN_ABOUT_RETURN_TYPE = YES_ERROR;
				GCC_WARN_UNDECLARED_SELECTOR = YES;
				GCC_WARN_UNINITIALIZED_AUTOS = YES_AGGRESSIVE;
				GCC_WARN_UNUSED_FUNCTION = YES;
				GCC_WARN_UNUSED_VARIABLE = YES;
				IPHONEOS_DEPLOYMENT_TARGET = 17.2;
				LOCALIZATION_PREFERS_STRING_CATALOGS = YES;
				MTL_ENABLE_DEBUG_INFO = NO;
				MTL_FAST_MATH = YES;
				SDKROOT = iphoneos;
				SWIFT_COMPILATION_MODE = wholemodule;
				VALIDATE_PRODUCT = YES;
			};
			name = Release;
		};
		334B59712C19218000D2099A /* Debug */ = {
			isa = XCBuildConfiguration;
			buildSettings = {
				ASSETCATALOG_COMPILER_APPICON_NAME = AppIcon;
				ASSETCATALOG_COMPILER_GLOBAL_ACCENT_COLOR_NAME = AccentColor;
				CODE_SIGN_STYLE = Automatic;
				CURRENT_PROJECT_VERSION = 1;
				DEVELOPMENT_ASSET_PATHS = "\"GeminiAIChatbot/Preview Content\"";
				ENABLE_PREVIEWS = YES;
				GENERATE_INFOPLIST_FILE = YES;
				INFOPLIST_KEY_UIApplicationSceneManifest_Generation = YES;
				INFOPLIST_KEY_UIApplicationSupportsIndirectInputEvents = YES;
				INFOPLIST_KEY_UILaunchScreen_Generation = YES;
				INFOPLIST_KEY_UISupportedInterfaceOrientations_iPad = "UIInterfaceOrientationPortrait UIInterfaceOrientationPortraitUpsideDown UIInterfaceOrientationLandscapeLeft UIInterfaceOrientationLandscapeRight";
				INFOPLIST_KEY_UISupportedInterfaceOrientations_iPhone = "UIInterfaceOrientationPortrait UIInterfaceOrientationLandscapeLeft UIInterfaceOrientationLandscapeRight";
				LD_RUNPATH_SEARCH_PATHS = (
					"$(inherited)",
					"@executable_path/Frameworks",
				);
				MARKETING_VERSION = 1.0;
				PRODUCT_BUNDLE_IDENTIFIER = com.ArunaUdayanga.GeminiAIChatbot;
				PRODUCT_NAME = "$(TARGET_NAME)";
				SWIFT_EMIT_LOC_STRINGS = YES;
				SWIFT_VERSION = 5.0;
				TARGETED_DEVICE_FAMILY = "1,2";
			};
			name = Debug;
		};
		334B59722C19218000D2099A /* Release */ = {
			isa = XCBuildConfiguration;
			buildSettings = {
				ASSETCATALOG_COMPILER_APPICON_NAME = AppIcon;
				ASSETCATALOG_COMPILER_GLOBAL_ACCENT_COLOR_NAME = AccentColor;
				CODE_SIGN_STYLE = Automatic;
				CURRENT_PROJECT_VERSION = 1;
				DEVELOPMENT_ASSET_PATHS = "\"GeminiAIChatbot/Preview Content\"";
				ENABLE_PREVIEWS = YES;
				GENERATE_INFOPLIST_FILE = YES;
				INFOPLIST_KEY_UIApplicationSceneManifest_Generation = YES;
				INFOPLIST_KEY_UIApplicationSupportsIndirectInputEvents = YES;
				INFOPLIST_KEY_UILaunchScreen_Generation = YES;
				INFOPLIST_KEY_UISupportedInterfaceOrientations_iPad = "UIInterfaceOrientationPortrait UIInterfaceOrientationPortraitUpsideDown UIInterfaceOrientationLandscapeLeft UIInterfaceOrientationLandscapeRight";
				INFOPLIST_KEY_UISupportedInterfaceOrientations_iPhone = "UIInterfaceOrientationPortrait UIInterfaceOrientationLandscapeLeft UIInterfaceOrientationLandscapeRight";
				LD_RUNPATH_SEARCH_PATHS = (
					"$(inherited)",
					"@executable_path/Frameworks",
				);
				MARKETING_VERSION = 1.0;
				PRODUCT_BUNDLE_IDENTIFIER = com.ArunaUdayanga.GeminiAIChatbot;
				PRODUCT_NAME = "$(TARGET_NAME)";
				SWIFT_EMIT_LOC_STRINGS = YES;
				SWIFT_VERSION = 5.0;
				TARGETED_DEVICE_FAMILY = "1,2";
			};
			name = Release;
		};
		334B59742C19218000D2099A /* Debug */ = {
			isa = XCBuildConfiguration;
			buildSettings = {
				ALWAYS_EMBED_SWIFT_STANDARD_LIBRARIES = YES;
				BUNDLE_LOADER = "$(TEST_HOST)";
				CODE_SIGN_STYLE = Automatic;
				CURRENT_PROJECT_VERSION = 1;
				GENERATE_INFOPLIST_FILE = YES;
				IPHONEOS_DEPLOYMENT_TARGET = 17.2;
				MARKETING_VERSION = 1.0;
				PRODUCT_BUNDLE_IDENTIFIER = com.ArunaUdayanga.GeminiAIChatbotTests;
				PRODUCT_NAME = "$(TARGET_NAME)";
				SWIFT_EMIT_LOC_STRINGS = NO;
				SWIFT_VERSION = 5.0;
				TARGETED_DEVICE_FAMILY = "1,2";
				TEST_HOST = "$(BUILT_PRODUCTS_DIR)/GeminiAIChatbot.app/$(BUNDLE_EXECUTABLE_FOLDER_PATH)/GeminiAIChatbot";
			};
			name = Debug;
		};
		334B59752C19218000D2099A /* Release */ = {
			isa = XCBuildConfiguration;
			buildSettings = {
				ALWAYS_EMBED_SWIFT_STANDARD_LIBRARIES = YES;
				BUNDLE_LOADER = "$(TEST_HOST)";
				CODE_SIGN_STYLE = Automatic;
				CURRENT_PROJECT_VERSION = 1;
				GENERATE_INFOPLIST_FILE = YES;
				IPHONEOS_DEPLOYMENT_TARGET = 17.2;
				MARKETING_VERSION = 1.0;
				PRODUCT_BUNDLE_IDENTIFIER = com.ArunaUdayanga.GeminiAIChatbotTests;
				PRODUCT_NAME = "$(TARGET_NAME)";
				SWIFT_EMIT_LOC_STRINGS = NO;
				SWIFT_VERSION = 5.0;
				TARGETED_DEVICE_FAMILY = "1,2";
				TEST_HOST = "$(BUILT_PRODUCTS_DIR)/GeminiAIChatbot.app/$(BUNDLE_EXECUTABLE_FOLDER_PATH)/GeminiAIChatbot";
			};
			name = Release;
		};
		334B59772C19218000D2099A /* Debug */ = {
			isa = XCBuildConfiguration;
			buildSettings = {
				ALWAYS_EMBED_SWIFT_STANDARD_LIBRARIES = YES;
				CODE_SIGN_STYLE = Automatic;
				CURRENT_PROJECT_VERSION = 1;
				GENERATE_INFOPLIST_FILE = YES;
				MARKETING_VERSION = 1.0;
				PRODUCT_BUNDLE_IDENTIFIER = com.ArunaUdayanga.GeminiAIChatbotUITests;
				PRODUCT_NAME = "$(TARGET_NAME)";
				SWIFT_EMIT_LOC_STRINGS = NO;
				SWIFT_VERSION = 5.0;
				TARGETED_DEVICE_FAMILY = "1,2";
				TEST_TARGET_NAME = GeminiAIChatbot;
			};
			name = Debug;
		};
		334B59782C19218000D2099A /* Release */ = {
			isa = XCBuildConfiguration;
			buildSettings = {
				ALWAYS_EMBED_SWIFT_STANDARD_LIBRARIES = YES;
				CODE_SIGN_STYLE = Automatic;
				CURRENT_PROJECT_VERSION = 1;
				GENERATE_INFOPLIST_FILE = YES;
				MARKETING_VERSION = 1.0;
				PRODUCT_BUNDLE_IDENTIFIER = com.ArunaUdayanga.GeminiAIChatbotUITests;
				PRODUCT_NAME = "$(TARGET_NAME)";
				SWIFT_EMIT_LOC_STRINGS = NO;
				SWIFT_VERSION = 5.0;
				TARGETED_DEVICE_FAMILY = "1,2";
				TEST_TARGET_NAME = GeminiAIChatbot;
			};
			name = Release;
		};
/* End XCBuildConfiguration section */

/* Begin XCConfigurationList section */
		334B59472C19217E00D2099A /* Build configuration list for PBXProject "GeminiAIChatbot" */ = {
			isa = XCConfigurationList;
			buildConfigurations = (
				334B596E2C19218000D2099A /* Debug */,
				334B596F2C19218000D2099A /* Release */,
			);
			defaultConfigurationIsVisible = 0;
			defaultConfigurationName = Release;
		};
		334B59702C19218000D2099A /* Build configuration list for PBXNativeTarget "GeminiAIChatbot" */ = {
			isa = XCConfigurationList;
			buildConfigurations = (
				334B59712C19218000D2099A /* Debug */,
				334B59722C19218000D2099A /* Release */,
			);
			defaultConfigurationIsVisible = 0;
			defaultConfigurationName = Release;
		};
		334B59732C19218000D2099A /* Build configuration list for PBXNativeTarget "GeminiAIChatbotTests" */ = {
			isa = XCConfigurationList;
			buildConfigurations = (
				334B59742C19218000D2099A /* Debug */,
				334B59752C19218000D2099A /* Release */,
			);
			defaultConfigurationIsVisible = 0;
			defaultConfigurationName = Release;
		};
		334B59762C19218000D2099A /* Build configuration list for PBXNativeTarget "GeminiAIChatbotUITests" */ = {
			isa = XCConfigurationList;
			buildConfigurations = (
				334B59772C19218000D2099A /* Debug */,
				334B59782C19218000D2099A /* Release */,
			);
			defaultConfigurationIsVisible = 0;
			defaultConfigurationName = Release;
		};
/* End XCConfigurationList section */
	};
	rootObject = 334B59442C19217E00D2099A /* Project object */;
}
